
Microsoft Visual Studio Solution File, Format Version 12.00
# Visual Studio Version 17
VisualStudioVersion = 17.5.002.0
MinimumVisualStudioVersion = 10.0.40219.1
Project("{9A19103F-16F7-4668-BE54-9A1E7A4F7556}") = "DesafioProjetoHospedagem", "DesafioProjetoHospedagem.csproj", "{DB459E6C-204F-4D27-A8E6-3507D0956D2B}"
EndProject
Global
	GlobalSection(SolutionConfigurationPlatforms) = preSolution
		Debug|Any CPU = Debug|Any CPU
		Release|Any CPU = Release|Any CPU
	EndGlobalSection
	GlobalSection(ProjectConfigurationPlatforms) = postSolution
		{DB459E6C-204F-4D27-A8E6-3507D0956D2B}.Debug|Any CPU.ActiveCfg = Debug|Any CPU
		{DB459E6C-204F-4D27-A8E6-3507D0956D2B}.Debug|Any CPU.Build.0 = Debug|Any CPU
		{DB459E6C-204F-4D27-A8E6-3507D0956D2B}.Release|Any CPU.ActiveCfg = Release|Any CPU
		{DB459E6C-204F-4D27-A8E6-3507D0956D2B}.Release|Any CPU.Build.0 = Release|Any CPU
	EndGlobalSection
	GlobalSection(SolutionProperties) = preSolution
		HideSolutionNode = FALSE
	EndGlobalSection
	GlobalSection(ExtensibilityGlobals) = postSolution
		SolutionGuid = {E2232C5E-4BAC-4F4E-B218-66377ED7936D}
	EndGlobalSection
EndGlobal
